
Microsoft Visual Studio Solution File, Format Version 12.00
# Visual Studio 14
VisualStudioVersion = 14.0.25420.1
MinimumVisualStudioVersion = 10.0.40219.1
Project("{2150E333-8FDC-42A3-9474-1A3956D46DE8}") = "src", "src", "{A4E88F70-92CB-4196-BD44-63347BCFBE49}"
EndProject
Project("{2150E333-8FDC-42A3-9474-1A3956D46DE8}") = "samples", "samples", "{BDC97D64-8858-47B8-BC30-6B8D7BC00DDC}"
EndProject
Project("{FAE04EC0-301F-11D3-BF4B-00C04F79EFBC}") = "ScreenCutter.App", "src\ScreenCutter.App\ScreenCutter.App.csproj", "{5D134B8C-F26B-4D08-ADDF-B5E85FBA6436}"
EndProject
Global
	GlobalSection(SolutionConfigurationPlatforms) = preSolution
		Debug|Any CPU = Debug|Any CPU
		Release|Any CPU = Release|Any CPU
	EndGlobalSection
	GlobalSection(ProjectConfigurationPlatforms) = postSolution
		{5D134B8C-F26B-4D08-ADDF-B5E85FBA6436}.Debug|Any CPU.ActiveCfg = Debug|Any CPU
		{5D134B8C-F26B-4D08-ADDF-B5E85FBA6436}.Debug|Any CPU.Build.0 = Debug|Any CPU
		{5D134B8C-F26B-4D08-ADDF-B5E85FBA6436}.Release|Any CPU.ActiveCfg = Release|Any CPU
		{5D134B8C-F26B-4D08-ADDF-B5E85FBA6436}.Release|Any CPU.Build.0 = Release|Any CPU
	EndGlobalSection
	GlobalSection(SolutionProperties) = preSolution
		HideSolutionNode = FALSE
	EndGlobalSection
	GlobalSection(NestedProjects) = preSolution
		{5D134B8C-F26B-4D08-ADDF-B5E85FBA6436} = {A4E88F70-92CB-4196-BD44-63347BCFBE49}
	EndGlobalSection
EndGlobal
